
Microsoft Visual Studio Solution File, Format Version 12.00
# Visual Studio Version 17
VisualStudioVersion = 17.4.33122.133
MinimumVisualStudioVersion = 10.0.40219.1
Project("{2150E333-8FDC-42A3-9474-1A3956D46DE8}") = "NetCore.Console", "NetCore.Console", "{8FC6D020-BBBF-4C63-B077-D2330C1954BE}"
EndProject
Project("{FAE04EC0-301F-11D3-BF4B-00C04F79EFBC}") = "ConsoleApp", "NetCore.Console\ConsoleApp\ConsoleApp.csproj", "{E9AC7C8D-4838-4A0D-9E2E-815667FD144E}"
EndProject
Global
	GlobalSection(SolutionConfigurationPlatforms) = preSolution
		Debug|Any CPU = Debug|Any CPU
		Release|Any CPU = Release|Any CPU
	EndGlobalSection
	GlobalSection(ProjectConfigurationPlatforms) = postSolution
		{E9AC7C8D-4838-4A0D-9E2E-815667FD144E}.Debug|Any CPU.ActiveCfg = Debug|Any CPU
		{E9AC7C8D-4838-4A0D-9E2E-815667FD144E}.Debug|Any CPU.Build.0 = Debug|Any CPU
		{E9AC7C8D-4838-4A0D-9E2E-815667FD144E}.Release|Any CPU.ActiveCfg = Release|Any CPU
		{E9AC7C8D-4838-4A0D-9E2E-815667FD144E}.Release|Any CPU.Build.0 = Release|Any CPU
	EndGlobalSection
	GlobalSection(SolutionProperties) = preSolution
		HideSolutionNode = FALSE
	EndGlobalSection
	GlobalSection(NestedProjects) = preSolution
		{E9AC7C8D-4838-4A0D-9E2E-815667FD144E} = {8FC6D020-BBBF-4C63-B077-D2330C1954BE}
	EndGlobalSection
	GlobalSection(ExtensibilityGlobals) = postSolution
		SolutionGuid = {3E938000-7444-464C-B590-2CC13164A2C5}
	EndGlobalSection
EndGlobal
